
Microsoft Visual Studio Solution File, Format Version 12.00
# Visual Studio Version 17
VisualStudioVersion = 17.3.32929.385
MinimumVisualStudioVersion = 10.0.40219.1
Project("{FAE04EC0-301F-11D3-BF4B-00C04F79EFBC}") = "ForRuslan", "ForRuslan\ForRuslan.csproj", "{BAE9951C-3E68-4D85-9A5A-877C3951AF0D}"
EndProject
Global
	GlobalSection(SolutionConfigurationPlatforms) = preSolution
		Debug|Any CPU = Debug|Any CPU
		Release|Any CPU = Release|Any CPU
	EndGlobalSection
	GlobalSection(ProjectConfigurationPlatforms) = postSolution
		{BAE9951C-3E68-4D85-9A5A-877C3951AF0D}.Debug|Any CPU.ActiveCfg = Debug|Any CPU
		{BAE9951C-3E68-4D85-9A5A-877C3951AF0D}.Debug|Any CPU.Build.0 = Debug|Any CPU
		{BAE9951C-3E68-4D85-9A5A-877C3951AF0D}.Release|Any CPU.ActiveCfg = Release|Any CPU
		{BAE9951C-3E68-4D85-9A5A-877C3951AF0D}.Release|Any CPU.Build.0 = Release|Any CPU
	EndGlobalSection
	GlobalSection(SolutionProperties) = preSolution
		HideSolutionNode = FALSE
	EndGlobalSection
	GlobalSection(ExtensibilityGlobals) = postSolution
		SolutionGuid = {956F19E9-07DA-46FC-8177-31EC9EE1FD2F}
	EndGlobalSection
EndGlobal
